
Microsoft Visual Studio Solution File, Format Version 12.00
# Visual Studio Version 17
VisualStudioVersion = 17.9.34622.214
MinimumVisualStudioVersion = 10.0.40219.1
Project("{FAE04EC0-301F-11D3-BF4B-00C04F79EFBC}") = "Ef_DbFirst_Northwind", "Ef_DbFirst_NorthwindProduct\Ef_DbFirst_Northwind.csproj", "{B551E74A-98FF-4066-81EE-A7F87F7122B0}"
EndProject
Global
	GlobalSection(SolutionConfigurationPlatforms) = preSolution
		Debug|Any CPU = Debug|Any CPU
		Release|Any CPU = Release|Any CPU
	EndGlobalSection
	GlobalSection(ProjectConfigurationPlatforms) = postSolution
		{B551E74A-98FF-4066-81EE-A7F87F7122B0}.Debug|Any CPU.ActiveCfg = Debug|Any CPU
		{B551E74A-98FF-4066-81EE-A7F87F7122B0}.Debug|Any CPU.Build.0 = Debug|Any CPU
		{B551E74A-98FF-4066-81EE-A7F87F7122B0}.Release|Any CPU.ActiveCfg = Release|Any CPU
		{B551E74A-98FF-4066-81EE-A7F87F7122B0}.Release|Any CPU.Build.0 = Release|Any CPU
	EndGlobalSection
	GlobalSection(SolutionProperties) = preSolution
		HideSolutionNode = FALSE
	EndGlobalSection
	GlobalSection(ExtensibilityGlobals) = postSolution
		SolutionGuid = {95A9C674-3D9E-452B-8D24-0876DAB25656}
	EndGlobalSection
EndGlobal
